# GENERATED FILE - DO NOT EDIT DIRECTLY
schema_version: 1

bundle:
  version: "0.7.0"
  release_sequence: 54
  channel: "stable"
  source_tree_digest: "sha256:0ae904f255c51e5a67395fd31ff479962953af959984e8a7a52fe802a33cfdc6"
  digest: "sha256:b772a1c9f1033826fa12aeb1d806e74cffbdab6cc0a396cdfcf8f6f32ea7d34e"
  attestation_identity_digest: "sha256:c3296ac7aeae7f4140737f29c09dd8bd3bf539215a76eedac186074711aabe3b"

projection:
  input_digest: "sha256:e8e43ea8aaa1ec859c60ebea145d8ab8b5d32614b372daff9d8b3776cff16186"
  output_digest: "sha256:4c180bd82d088a982d3dc3194a7e64efdde59daadaf85af914a81b6df41ed31c"
  files:
    - path: ".gds/compiled-policy.json"
      digest: "sha256:c5aedbf936b34914277218a1b75f7d6b6313db3689ea52fa2c794b50dbdbce48"
