# GENERATED FILE - DO NOT EDIT DIRECTLY
schema_version: 1

bundle:
  version: "0.8.0"
  release_sequence: 55
  channel: "stable"
  source_tree_digest: "sha256:059be9ccd7b94dbb2ed1d00de45ea0f33de430325aa15f0646c04eb35fd10249"
  digest: "sha256:e582619f2c9bf192b57b761418d52afe520630a074cbdae3ae9199223c33c93e"
  attestation_identity_digest: "sha256:e1b787c63de916f750e2cbcbf664967669024e1062964515f612b2c826c9e10d"

projection:
  input_digest: "sha256:b74bcd47414083d18df37105bd9bd64bfdc7e9c7396d748cc1ac77a927e8cfa0"
  output_digest: "sha256:8e8a9aec59f3cb0c89cba52e37ab0015501f94aaa72d8e9dc3e03304c7244852"
  files:
    - path: ".gds/compiled-policy.json"
      digest: "sha256:7f5b1ef902f76a16d9a89d2b15bf05fd744213b06645069006d789a690d0f3c5"
